
Microsoft Visual Studio Solution File, Format Version 12.00
Project("{2150E333-8FDC-42A3-9474-1A3956D46DE8}") = "1.Fundamentals", "1.Fundamentals", "{15737F8E-7967-4767-8CF0-6A4AB84E1E7C}"
EndProject
Project("{2150E333-8FDC-42A3-9474-1A3956D46DE8}") = "src", "src", "{37B3E2AA-A53D-4DDD-9DD5-6B8494BC7D8D}"
EndProject
Project("{2150E333-8FDC-42A3-9474-1A3956D46DE8}") = "test", "test", "{BB9B9409-D11F-4D0A-8E51-8CB4C58E7AE8}"
EndProject
Project("{2150E333-8FDC-42A3-9474-1A3956D46DE8}") = "2.Techniques", "2.Techniques", "{43282983-8421-4815-BE3F-9A9541B1310C}"
EndProject
Project("{2150E333-8FDC-42A3-9474-1A3956D46DE8}") = "src", "src", "{1EF0ACF3-494D-4B3B-BC49-8049AE8B85E4}"
EndProject
Project("{2150E333-8FDC-42A3-9474-1A3956D46DE8}") = "tests", "tests", "{B73E278B-ADDB-4305-BAAE-2432B83A7B56}"
EndProject
Project("{FAE04EC0-301F-11D3-BF4B-00C04F79EFBC}") = "CalculatorLibrary", "CalculatorLibrary\src\CalculatorLibrary.csproj", "{3EB734A9-B327-46DB-9E84-E6A3717D34C5}"
EndProject
Project("{FAE04EC0-301F-11D3-BF4B-00C04F79EFBC}") = "CalculatorLibrary.Tests.Unit", "CalculatorLibrary\tests\CalculatorLibrary.Tests.Unit\CalculatorLibrary.Tests.Unit.csproj", "{3C45A7DC-7BB3-4F11-9203-3C85271F867F}"
EndProject
Project("{FAE04EC0-301F-11D3-BF4B-00C04F79EFBC}") = "TestingTechniques", "TestingTechniques\src\TestingTechniques.csproj", "{5066CB45-E7DC-4407-8298-4448AFE91D24}"
EndProject
Project("{FAE04EC0-301F-11D3-BF4B-00C04F79EFBC}") = "Techniques.Tests.Unit", "TestingTechniques\tests\Techniques.Tests.Unit\Techniques.Tests.Unit.csproj", "{6819C9EB-14A5-4CC3-94B5-BF150FD286C2}"
EndProject
Project("{2150E333-8FDC-42A3-9474-1A3956D46DE8}") = "3.Concepts", "3.Concepts", "{3CD6E6C4-BA07-4D29-B743-F784A53A6B55}"
EndProject
Project("{2150E333-8FDC-42A3-9474-1A3956D46DE8}") = "src", "src", "{1A4EE61F-F117-4ED4-B77E-7320E04005F3}"
EndProject
Project("{2150E333-8FDC-42A3-9474-1A3956D46DE8}") = "tests", "tests", "{4AC2AECF-1070-4334-8619-D85E2E6C60CD}"
EndProject
Project("{FAE04EC0-301F-11D3-BF4B-00C04F79EFBC}") = "UnderstandingDependencies.Api", "3.Concepts\src\UnderstandingDependencies.Api\UnderstandingDependencies.Api.csproj", "{765E3B02-F2E6-4B81-83B2-B3BAB1530353}"
EndProject
Project("{FAE04EC0-301F-11D3-BF4B-00C04F79EFBC}") = "UnderstandingDependencies.Api.Tests.Unit", "3.Concepts\tests\UnderstandingDependencies.Api.Tests.Unit\UnderstandingDependencies.Api.Tests.Unit.csproj", "{3FBF276F-BE7F-4865-BF2B-6A1D263DE412}"
EndProject
Project("{2150E333-8FDC-42A3-9474-1A3956D46DE8}") = "4.RealWorld", "4.RealWorld", "{332CEB34-A87D-435A-BB0C-1FD83EFD593D}"
EndProject
Project("{2150E333-8FDC-42A3-9474-1A3956D46DE8}") = "src", "src", "{84FB3B88-0A4E-471D-9736-655CCA4D3D1B}"
EndProject
Project("{2150E333-8FDC-42A3-9474-1A3956D46DE8}") = "tests", "tests", "{FC7E6FB9-8CD2-4895-95A3-132C5857A8CB}"
EndProject
Project("{FAE04EC0-301F-11D3-BF4B-00C04F79EFBC}") = "Users.Api", "4.RealWorld\src\Users.Api\Users.Api.csproj", "{7835CEA2-3CA5-4827-ACB0-55C155B0CAB2}"
EndProject
Project("{FAE04EC0-301F-11D3-BF4B-00C04F79EFBC}") = "Users.Api.Tests.Unit", "4.RealWorld\tests\Users.Api.Tests.Unit\Users.Api.Tests.Unit.csproj", "{AAA6ACC2-941C-40FE-9445-8A89BD3BB464}"
EndProject
Global
	GlobalSection(SolutionConfigurationPlatforms) = preSolution
		Debug|Any CPU = Debug|Any CPU
		Release|Any CPU = Release|Any CPU
	EndGlobalSection
	GlobalSection(NestedProjects) = preSolution
		{37B3E2AA-A53D-4DDD-9DD5-6B8494BC7D8D} = {15737F8E-7967-4767-8CF0-6A4AB84E1E7C}
		{BB9B9409-D11F-4D0A-8E51-8CB4C58E7AE8} = {15737F8E-7967-4767-8CF0-6A4AB84E1E7C}
		{1EF0ACF3-494D-4B3B-BC49-8049AE8B85E4} = {43282983-8421-4815-BE3F-9A9541B1310C}
		{B73E278B-ADDB-4305-BAAE-2432B83A7B56} = {43282983-8421-4815-BE3F-9A9541B1310C}
		{3EB734A9-B327-46DB-9E84-E6A3717D34C5} = {37B3E2AA-A53D-4DDD-9DD5-6B8494BC7D8D}
		{3C45A7DC-7BB3-4F11-9203-3C85271F867F} = {BB9B9409-D11F-4D0A-8E51-8CB4C58E7AE8}
		{5066CB45-E7DC-4407-8298-4448AFE91D24} = {1EF0ACF3-494D-4B3B-BC49-8049AE8B85E4}
		{6819C9EB-14A5-4CC3-94B5-BF150FD286C2} = {B73E278B-ADDB-4305-BAAE-2432B83A7B56}
		{1A4EE61F-F117-4ED4-B77E-7320E04005F3} = {3CD6E6C4-BA07-4D29-B743-F784A53A6B55}
		{4AC2AECF-1070-4334-8619-D85E2E6C60CD} = {3CD6E6C4-BA07-4D29-B743-F784A53A6B55}
		{765E3B02-F2E6-4B81-83B2-B3BAB1530353} = {1A4EE61F-F117-4ED4-B77E-7320E04005F3}
		{3FBF276F-BE7F-4865-BF2B-6A1D263DE412} = {4AC2AECF-1070-4334-8619-D85E2E6C60CD}
		{84FB3B88-0A4E-471D-9736-655CCA4D3D1B} = {332CEB34-A87D-435A-BB0C-1FD83EFD593D}
		{FC7E6FB9-8CD2-4895-95A3-132C5857A8CB} = {332CEB34-A87D-435A-BB0C-1FD83EFD593D}
		{7835CEA2-3CA5-4827-ACB0-55C155B0CAB2} = {84FB3B88-0A4E-471D-9736-655CCA4D3D1B}
		{AAA6ACC2-941C-40FE-9445-8A89BD3BB464} = {FC7E6FB9-8CD2-4895-95A3-132C5857A8CB}
	EndGlobalSection
	GlobalSection(ProjectConfigurationPlatforms) = postSolution
		{3EB734A9-B327-46DB-9E84-E6A3717D34C5}.Debug|Any CPU.ActiveCfg = Debug|Any CPU
		{3EB734A9-B327-46DB-9E84-E6A3717D34C5}.Debug|Any CPU.Build.0 = Debug|Any CPU
		{3EB734A9-B327-46DB-9E84-E6A3717D34C5}.Release|Any CPU.ActiveCfg = Release|Any CPU
		{3EB734A9-B327-46DB-9E84-E6A3717D34C5}.Release|Any CPU.Build.0 = Release|Any CPU
		{3C45A7DC-7BB3-4F11-9203-3C85271F867F}.Debug|Any CPU.ActiveCfg = Debug|Any CPU
		{3C45A7DC-7BB3-4F11-9203-3C85271F867F}.Debug|Any CPU.Build.0 = Debug|Any CPU
		{3C45A7DC-7BB3-4F11-9203-3C85271F867F}.Release|Any CPU.ActiveCfg = Release|Any CPU
		{3C45A7DC-7BB3-4F11-9203-3C85271F867F}.Release|Any CPU.Build.0 = Release|Any CPU
		{5066CB45-E7DC-4407-8298-4448AFE91D24}.Debug|Any CPU.ActiveCfg = Debug|Any CPU
		{5066CB45-E7DC-4407-8298-4448AFE91D24}.Debug|Any CPU.Build.0 = Debug|Any CPU
		{5066CB45-E7DC-4407-8298-4448AFE91D24}.Release|Any CPU.ActiveCfg = Release|Any CPU
		{5066CB45-E7DC-4407-8298-4448AFE91D24}.Release|Any CPU.Build.0 = Release|Any CPU
		{6819C9EB-14A5-4CC3-94B5-BF150FD286C2}.Debug|Any CPU.ActiveCfg = Debug|Any CPU
		{6819C9EB-14A5-4CC3-94B5-BF150FD286C2}.Debug|Any CPU.Build.0 = Debug|Any CPU
		{6819C9EB-14A5-4CC3-94B5-BF150FD286C2}.Release|Any CPU.ActiveCfg = Release|Any CPU
		{6819C9EB-14A5-4CC3-94B5-BF150FD286C2}.Release|Any CPU.Build.0 = Release|Any CPU
		{765E3B02-F2E6-4B81-83B2-B3BAB1530353}.Debug|Any CPU.ActiveCfg = Debug|Any CPU
		{765E3B02-F2E6-4B81-83B2-B3BAB1530353}.Debug|Any CPU.Build.0 = Debug|Any CPU
		{765E3B02-F2E6-4B81-83B2-B3BAB1530353}.Release|Any CPU.ActiveCfg = Release|Any CPU
		{765E3B02-F2E6-4B81-83B2-B3BAB1530353}.Release|Any CPU.Build.0 = Release|Any CPU
		{3FBF276F-BE7F-4865-BF2B-6A1D263DE412}.Debug|Any CPU.ActiveCfg = Debug|Any CPU
		{3FBF276F-BE7F-4865-BF2B-6A1D263DE412}.Debug|Any CPU.Build.0 = Debug|Any CPU
		{3FBF276F-BE7F-4865-BF2B-6A1D263DE412}.Release|Any CPU.ActiveCfg = Release|Any CPU
		{3FBF276F-BE7F-4865-BF2B-6A1D263DE412}.Release|Any CPU.Build.0 = Release|Any CPU
		{7835CEA2-3CA5-4827-ACB0-55C155B0CAB2}.Debug|Any CPU.ActiveCfg = Debug|Any CPU
		{7835CEA2-3CA5-4827-ACB0-55C155B0CAB2}.Debug|Any CPU.Build.0 = Debug|Any CPU
		{7835CEA2-3CA5-4827-ACB0-55C155B0CAB2}.Release|Any CPU.ActiveCfg = Release|Any CPU
		{7835CEA2-3CA5-4827-ACB0-55C155B0CAB2}.Release|Any CPU.Build.0 = Release|Any CPU
		{AAA6ACC2-941C-40FE-9445-8A89BD3BB464}.Debug|Any CPU.ActiveCfg = Debug|Any CPU
		{AAA6ACC2-941C-40FE-9445-8A89BD3BB464}.Debug|Any CPU.Build.0 = Debug|Any CPU
		{AAA6ACC2-941C-40FE-9445-8A89BD3BB464}.Release|Any CPU.ActiveCfg = Release|Any CPU
		{AAA6ACC2-941C-40FE-9445-8A89BD3BB464}.Release|Any CPU.Build.0 = Release|Any CPU
	EndGlobalSection
EndGlobal
